
Microsoft Visual Studio Solution File, Format Version 12.00
# Visual Studio Version 16
VisualStudioVersion = 16.0.29009.5
MinimumVisualStudioVersion = 10.0.40219.1
Project("{FAE04EC0-301F-11D3-BF4B-00C04F79EFBC}") = "DialogApp.Android", "DialogApp.Android\DialogApp.Android.csproj", "{0BA82A44-9D09-4181-92BA-5BA8D727A40A}"
EndProject
Project("{FAE04EC0-301F-11D3-BF4B-00C04F79EFBC}") = "DialogApp.iOS", "DialogApp.iOS\DialogApp.iOS.csproj", "{5C2F67E0-0E98-4783-82B5-DA2A5B670D39}"
EndProject
Project("{9A19103F-16F7-4668-BE54-9A1E7A4F7556}") = "DialogApp", "DialogApp\DialogApp.csproj", "{DEC2C6A0-E42A-4616-85F8-01EAB01BD927}"
EndProject
Global
	GlobalSection(SolutionConfigurationPlatforms) = preSolution
		Debug|Any CPU = Debug|Any CPU
		Debug|iPhone = Debug|iPhone
		Debug|iPhoneSimulator = Debug|iPhoneSimulator
		Release|Any CPU = Release|Any CPU
		Release|iPhone = Release|iPhone
		Release|iPhoneSimulator = Release|iPhoneSimulator
	EndGlobalSection
	GlobalSection(ProjectConfigurationPlatforms) = postSolution
		{0BA82A44-9D09-4181-92BA-5BA8D727A40A}.Debug|Any CPU.ActiveCfg = Debug|Any CPU
		{0BA82A44-9D09-4181-92BA-5BA8D727A40A}.Debug|Any CPU.Build.0 = Debug|Any CPU
		{0BA82A44-9D09-4181-92BA-5BA8D727A40A}.Debug|Any CPU.Deploy.0 = Debug|Any CPU
		{0BA82A44-9D09-4181-92BA-5BA8D727A40A}.Debug|iPhone.ActiveCfg = Debug|Any CPU
		{0BA82A44-9D09-4181-92BA-5BA8D727A40A}.Debug|iPhone.Build.0 = Debug|Any CPU
		{0BA82A44-9D09-4181-92BA-5BA8D727A40A}.Debug|iPhone.Deploy.0 = Debug|Any CPU
		{0BA82A44-9D09-4181-92BA-5BA8D727A40A}.Debug|iPhoneSimulator.ActiveCfg = Debug|Any CPU
		{0BA82A44-9D09-4181-92BA-5BA8D727A40A}.Debug|iPhoneSimulator.Build.0 = Debug|Any CPU
		{0BA82A44-9D09-4181-92BA-5BA8D727A40A}.Debug|iPhoneSimulator.Deploy.0 = Debug|Any CPU
		{0BA82A44-9D09-4181-92BA-5BA8D727A40A}.Release|Any CPU.ActiveCfg = Release|Any CPU
		{0BA82A44-9D09-4181-92BA-5BA8D727A40A}.Release|Any CPU.Build.0 = Release|Any CPU
		{0BA82A44-9D09-4181-92BA-5BA8D727A40A}.Release|Any CPU.Deploy.0 = Release|Any CPU
		{0BA82A44-9D09-4181-92BA-5BA8D727A40A}.Release|iPhone.ActiveCfg = Release|Any CPU
		{0BA82A44-9D09-4181-92BA-5BA8D727A40A}.Release|iPhone.Build.0 = Release|Any CPU
		{0BA82A44-9D09-4181-92BA-5BA8D727A40A}.Release|iPhone.Deploy.0 = Release|Any CPU
		{0BA82A44-9D09-4181-92BA-5BA8D727A40A}.Release|iPhoneSimulator.ActiveCfg = Release|Any CPU
		{0BA82A44-9D09-4181-92BA-5BA8D727A40A}.Release|iPhoneSimulator.Build.0 = Release|Any CPU
		{0BA82A44-9D09-4181-92BA-5BA8D727A40A}.Release|iPhoneSimulator.Deploy.0 = Release|Any CPU
		{5C2F67E0-0E98-4783-82B5-DA2A5B670D39}.Debug|Any CPU.ActiveCfg = Debug|iPhoneSimulator
		{5C2F67E0-0E98-4783-82B5-DA2A5B670D39}.Debug|Any CPU.Build.0 = Debug|iPhoneSimulator
		{5C2F67E0-0E98-4783-82B5-DA2A5B670D39}.Debug|Any CPU.Deploy.0 = Debug|iPhoneSimulator
		{5C2F67E0-0E98-4783-82B5-DA2A5B670D39}.Debug|iPhone.ActiveCfg = Debug|iPhone
		{5C2F67E0-0E98-4783-82B5-DA2A5B670D39}.Debug|iPhone.Build.0 = Debug|iPhone
		{5C2F67E0-0E98-4783-82B5-DA2A5B670D39}.Debug|iPhone.Deploy.0 = Debug|iPhone
		{5C2F67E0-0E98-4783-82B5-DA2A5B670D39}.Debug|iPhoneSimulator.ActiveCfg = Debug|iPhoneSimulator
		{5C2F67E0-0E98-4783-82B5-DA2A5B670D39}.Debug|iPhoneSimulator.Build.0 = Debug|iPhoneSimulator
		{5C2F67E0-0E98-4783-82B5-DA2A5B670D39}.Debug|iPhoneSimulator.Deploy.0 = Debug|iPhoneSimulator
		{5C2F67E0-0E98-4783-82B5-DA2A5B670D39}.Release|Any CPU.ActiveCfg = Release|iPhone
		{5C2F67E0-0E98-4783-82B5-DA2A5B670D39}.Release|Any CPU.Build.0 = Release|iPhone
		{5C2F67E0-0E98-4783-82B5-DA2A5B670D39}.Release|Any CPU.Deploy.0 = Release|iPhone
		{5C2F67E0-0E98-4783-82B5-DA2A5B670D39}.Release|iPhone.ActiveCfg = Release|iPhone
		{5C2F67E0-0E98-4783-82B5-DA2A5B670D39}.Release|iPhone.Build.0 = Release|iPhone
		{5C2F67E0-0E98-4783-82B5-DA2A5B670D39}.Release|iPhone.Deploy.0 = Release|iPhone
		{5C2F67E0-0E98-4783-82B5-DA2A5B670D39}.Release|iPhoneSimulator.ActiveCfg = Release|iPhoneSimulator
		{5C2F67E0-0E98-4783-82B5-DA2A5B670D39}.Release|iPhoneSimulator.Build.0 = Release|iPhoneSimulator
		{5C2F67E0-0E98-4783-82B5-DA2A5B670D39}.Release|iPhoneSimulator.Deploy.0 = Release|iPhoneSimulator
		{DEC2C6A0-E42A-4616-85F8-01EAB01BD927}.Debug|Any CPU.ActiveCfg = Debug|Any CPU
		{DEC2C6A0-E42A-4616-85F8-01EAB01BD927}.Debug|Any CPU.Build.0 = Debug|Any CPU
		{DEC2C6A0-E42A-4616-85F8-01EAB01BD927}.Debug|Any CPU.Deploy.0 = Debug|Any CPU
		{DEC2C6A0-E42A-4616-85F8-01EAB01BD927}.Debug|iPhone.ActiveCfg = Debug|Any CPU
		{DEC2C6A0-E42A-4616-85F8-01EAB01BD927}.Debug|iPhone.Build.0 = Debug|Any CPU
		{DEC2C6A0-E42A-4616-85F8-01EAB01BD927}.Debug|iPhone.Deploy.0 = Debug|Any CPU
		{DEC2C6A0-E42A-4616-85F8-01EAB01BD927}.Debug|iPhoneSimulator.ActiveCfg = Debug|Any CPU
		{DEC2C6A0-E42A-4616-85F8-01EAB01BD927}.Debug|iPhoneSimulator.Build.0 = Debug|Any CPU
		{DEC2C6A0-E42A-4616-85F8-01EAB01BD927}.Debug|iPhoneSimulator.Deploy.0 = Debug|Any CPU
		{DEC2C6A0-E42A-4616-85F8-01EAB01BD927}.Release|Any CPU.ActiveCfg = Release|Any CPU
		{DEC2C6A0-E42A-4616-85F8-01EAB01BD927}.Release|Any CPU.Build.0 = Release|Any CPU
		{DEC2C6A0-E42A-4616-85F8-01EAB01BD927}.Release|Any CPU.Deploy.0 = Release|Any CPU
		{DEC2C6A0-E42A-4616-85F8-01EAB01BD927}.Release|iPhone.ActiveCfg = Release|Any CPU
		{DEC2C6A0-E42A-4616-85F8-01EAB01BD927}.Release|iPhone.Build.0 = Release|Any CPU
		{DEC2C6A0-E42A-4616-85F8-01EAB01BD927}.Release|iPhone.Deploy.0 = Release|Any CPU
		{DEC2C6A0-E42A-4616-85F8-01EAB01BD927}.Release|iPhoneSimulator.ActiveCfg = Release|Any CPU
		{DEC2C6A0-E42A-4616-85F8-01EAB01BD927}.Release|iPhoneSimulator.Build.0 = Release|Any CPU
		{DEC2C6A0-E42A-4616-85F8-01EAB01BD927}.Release|iPhoneSimulator.Deploy.0 = Release|Any CPU
	EndGlobalSection
	GlobalSection(SolutionProperties) = preSolution
		HideSolutionNode = FALSE
	EndGlobalSection
	GlobalSection(ExtensibilityGlobals) = postSolution
		SolutionGuid = {61C089F1-DADC-4562-9BA3-64D8055854E9}
	EndGlobalSection
EndGlobal
